version = 1
requires-python = ">=3.13"

[[package]]
name = "blender-dmx"
version = "0.1.0"
source = { virtual = "." }
dependencies = [
    { name = "isort" },
    { name = "pip" },
    { name = "ruff" },
]

[package.metadata]
requires-dist = [
    { name = "isort", specifier = ">=6.0.0" },
    { name = "pip", specifier = ">=25.0" },
    { name = "ruff", specifier = ">=0.9.3" },
]

[[package]]
name = "isort"
version = "6.0.0"
source = { registry = "https://pypi.org/simple" }
sdist = { url = "https://files.pythonhosted.org/packages/1c/28/b382d1656ac0ee4cef4bf579b13f9c6c813bff8a5cb5996669592c8c75fa/isort-6.0.0.tar.gz", hash = "sha256:75d9d8a1438a9432a7d7b54f2d3b45cad9a4a0fdba43617d9873379704a8bdf1", size = 828356 }
wheels = [
    { url = "https://files.pythonhosted.org/packages/76/c7/d6017f09ae5b1206fbe531f7af3b6dac1f67aedcbd2e79f3b386c27955d6/isort-6.0.0-py3-none-any.whl", hash = "sha256:567954102bb47bb12e0fae62606570faacddd441e45683968c8d1734fb1af892", size = 94053 },
]

[[package]]
name = "pip"
version = "25.0"
source = { registry = "https://pypi.org/simple" }
sdist = { url = "https://files.pythonhosted.org/packages/47/3e/68beeeeb306ea20ffd30b3ed993f531d16cd884ec4f60c9b1e238f69f2af/pip-25.0.tar.gz", hash = "sha256:8e0a97f7b4c47ae4a494560da84775e9e2f671d415d8d828e052efefb206b30b", size = 1950328 }
wheels = [
    { url = "https://files.pythonhosted.org/packages/85/8a/1ddf40be20103bcc605db840e9ade09c8e8c9f920a03e9cfe88eae97a058/pip-25.0-py3-none-any.whl", hash = "sha256:b6eb97a803356a52b2dd4bb73ba9e65b2ba16caa6bcb25a7497350a4e5859b65", size = 1841506 },
]

[[package]]
name = "ruff"
version = "0.9.3"
source = { registry = "https://pypi.org/simple" }
sdist = { url = "https://files.pythonhosted.org/packages/1e/7f/60fda2eec81f23f8aa7cbbfdf6ec2ca11eb11c273827933fb2541c2ce9d8/ruff-0.9.3.tar.gz", hash = "sha256:8293f89985a090ebc3ed1064df31f3b4b56320cdfcec8b60d3295bddb955c22a", size = 3586740 }
wheels = [
    { url = "https://files.pythonhosted.org/packages/f9/77/4fb790596d5d52c87fd55b7160c557c400e90f6116a56d82d76e95d9374a/ruff-0.9.3-py3-none-linux_armv6l.whl", hash = "sha256:7f39b879064c7d9670197d91124a75d118d00b0990586549949aae80cdc16624", size = 11656815 },
    { url = "https://files.pythonhosted.org/packages/a2/a8/3338ecb97573eafe74505f28431df3842c1933c5f8eae615427c1de32858/ruff-0.9.3-py3-none-macosx_10_12_x86_64.whl", hash = "sha256:a187171e7c09efa4b4cc30ee5d0d55a8d6c5311b3e1b74ac5cb96cc89bafc43c", size = 11594821 },
    { url = "https://files.pythonhosted.org/packages/8e/89/320223c3421962762531a6b2dd58579b858ca9916fb2674874df5e97d628/ruff-0.9.3-py3-none-macosx_11_0_arm64.whl", hash = "sha256:c59ab92f8e92d6725b7ded9d4a31be3ef42688a115c6d3da9457a5bda140e2b4", size = 11040475 },
    { url = "https://files.pythonhosted.org/packages/b2/bd/1d775eac5e51409535804a3a888a9623e87a8f4b53e2491580858a083692/ruff-0.9.3-py3-none-manylinux_2_17_aarch64.manylinux2014_aarch64.whl", hash = "sha256:2dc153c25e715be41bb228bc651c1e9b1a88d5c6e5ed0194fa0dfea02b026439", size = 11856207 },
    { url = "https://files.pythonhosted.org/packages/7f/c6/3e14e09be29587393d188454064a4aa85174910d16644051a80444e4fd88/ruff-0.9.3-py3-none-manylinux_2_17_armv7l.manylinux2014_armv7l.whl", hash = "sha256:646909a1e25e0dc28fbc529eab8eb7bb583079628e8cbe738192853dbbe43af5", size = 11420460 },
    { url = "https://files.pythonhosted.org/packages/ef/42/b7ca38ffd568ae9b128a2fa76353e9a9a3c80ef19746408d4ce99217ecc1/ruff-0.9.3-py3-none-manylinux_2_17_i686.manylinux2014_i686.whl", hash = "sha256:5a5a46e09355695fbdbb30ed9889d6cf1c61b77b700a9fafc21b41f097bfbba4", size = 12605472 },
    { url = "https://files.pythonhosted.org/packages/a6/a1/3167023f23e3530fde899497ccfe239e4523854cb874458ac082992d206c/ruff-0.9.3-py3-none-manylinux_2_17_ppc64.manylinux2014_ppc64.whl", hash = "sha256:c4bb09d2bbb394e3730d0918c00276e79b2de70ec2a5231cd4ebb51a57df9ba1", size = 13243123 },
    { url = "https://files.pythonhosted.org/packages/d0/b4/3c600758e320f5bf7de16858502e849f4216cb0151f819fa0d1154874802/ruff-0.9.3-py3-none-manylinux_2_17_ppc64le.manylinux2014_ppc64le.whl", hash = "sha256:96a87ec31dc1044d8c2da2ebbed1c456d9b561e7d087734336518181b26b3aa5", size = 12744650 },
    { url = "https://files.pythonhosted.org/packages/be/38/266fbcbb3d0088862c9bafa8b1b99486691d2945a90b9a7316336a0d9a1b/ruff-0.9.3-py3-none-manylinux_2_17_s390x.manylinux2014_s390x.whl", hash = "sha256:9bb7554aca6f842645022fe2d301c264e6925baa708b392867b7a62645304df4", size = 14458585 },
    { url = "https://files.pythonhosted.org/packages/63/a6/47fd0e96990ee9b7a4abda62de26d291bd3f7647218d05b7d6d38af47c30/ruff-0.9.3-py3-none-manylinux_2_17_x86_64.manylinux2014_x86_64.whl", hash = "sha256:cabc332b7075a914ecea912cd1f3d4370489c8018f2c945a30bcc934e3bc06a6", size = 12419624 },
    { url = "https://files.pythonhosted.org/packages/84/5d/de0b7652e09f7dda49e1a3825a164a65f4998175b6486603c7601279baad/ruff-0.9.3-py3-none-musllinux_1_2_aarch64.whl", hash = "sha256:33866c3cc2a575cbd546f2cd02bdd466fed65118e4365ee538a3deffd6fcb730", size = 11843238 },
    { url = "https://files.pythonhosted.org/packages/9e/be/3f341ceb1c62b565ec1fb6fd2139cc40b60ae6eff4b6fb8f94b1bb37c7a9/ruff-0.9.3-py3-none-musllinux_1_2_armv7l.whl", hash = "sha256:006e5de2621304c8810bcd2ee101587712fa93b4f955ed0985907a36c427e0c2", size = 11484012 },
    { url = "https://files.pythonhosted.org/packages/a3/c8/ff8acbd33addc7e797e702cf00bfde352ab469723720c5607b964491d5cf/ruff-0.9.3-py3-none-musllinux_1_2_i686.whl", hash = "sha256:ba6eea4459dbd6b1be4e6bfc766079fb9b8dd2e5a35aff6baee4d9b1514ea519", size = 12038494 },
    { url = "https://files.pythonhosted.org/packages/73/b1/8d9a2c0efbbabe848b55f877bc10c5001a37ab10aca13c711431673414e5/ruff-0.9.3-py3-none-musllinux_1_2_x86_64.whl", hash = "sha256:90230a6b8055ad47d3325e9ee8f8a9ae7e273078a66401ac66df68943ced029b", size = 12473639 },
    { url = "https://files.pythonhosted.org/packages/cb/44/a673647105b1ba6da9824a928634fe23186ab19f9d526d7bdf278cd27bc3/ruff-0.9.3-py3-none-win32.whl", hash = "sha256:eabe5eb2c19a42f4808c03b82bd313fc84d4e395133fb3fc1b1516170a31213c", size = 9834353 },
    { url = "https://files.pythonhosted.org/packages/c3/01/65cadb59bf8d4fbe33d1a750103e6883d9ef302f60c28b73b773092fbde5/ruff-0.9.3-py3-none-win_amd64.whl", hash = "sha256:040ceb7f20791dfa0e78b4230ee9dce23da3b64dd5848e40e3bf3ab76468dcf4", size = 10821444 },
    { url = "https://files.pythonhosted.org/packages/69/cb/b3fe58a136a27d981911cba2f18e4b29f15010623b79f0f2510fd0d31fd3/ruff-0.9.3-py3-none-win_arm64.whl", hash = "sha256:800d773f6d4d33b0a3c60e2c6ae8f4c202ea2de056365acfa519aa48acf28e0b", size = 10038168 },
]
